
Microsoft Visual Studio Solution File, Format Version 12.00
# Visual Studio Version 16
VisualStudioVersion = 16.0.30907.101
MinimumVisualStudioVersion = 10.0.40219.1
Project("{FAE04EC0-301F-11D3-BF4B-00C04F79EFBC}") = "ProjectSolution.Webapp", "ProjectSolution.Webapp\ProjectSolution.Webapp.csproj", "{B13D2A8E-6758-4F92-81F9-860E2F976DF2}"
EndProject
Project("{2150E333-8FDC-42A3-9474-1A3956D46DE8}") = "Solution Items", "Solution Items", "{303828BE-5890-4B72-BF66-4D3FD505D660}"
	ProjectSection(SolutionItems) = preProject
		README.md = README.md
	EndProjectSection
EndProject
Project("{FAE04EC0-301F-11D3-BF4B-00C04F79EFBC}") = "ProjectSolution.Data", "ProjectSolution.Data\ProjectSolution.Data.csproj", "{730ABB90-5424-4CAA-B295-91863C8AD0D5}"
EndProject
Project("{FAE04EC0-301F-11D3-BF4B-00C04F79EFBC}") = "ProjectSolution.Application", "ProjectSolution.Application\ProjectSolution.Application.csproj", "{0AC182FC-5742-456E-87B0-13E422970FF9}"
EndProject
Global
	GlobalSection(SolutionConfigurationPlatforms) = preSolution
		Debug|Any CPU = Debug|Any CPU
		Release|Any CPU = Release|Any CPU
	EndGlobalSection
	GlobalSection(ProjectConfigurationPlatforms) = postSolution
		{B13D2A8E-6758-4F92-81F9-860E2F976DF2}.Debug|Any CPU.ActiveCfg = Debug|Any CPU
		{B13D2A8E-6758-4F92-81F9-860E2F976DF2}.Debug|Any CPU.Build.0 = Debug|Any CPU
		{B13D2A8E-6758-4F92-81F9-860E2F976DF2}.Release|Any CPU.ActiveCfg = Release|Any CPU
		{B13D2A8E-6758-4F92-81F9-860E2F976DF2}.Release|Any CPU.Build.0 = Release|Any CPU
		{730ABB90-5424-4CAA-B295-91863C8AD0D5}.Debug|Any CPU.ActiveCfg = Debug|Any CPU
		{730ABB90-5424-4CAA-B295-91863C8AD0D5}.Debug|Any CPU.Build.0 = Debug|Any CPU
		{730ABB90-5424-4CAA-B295-91863C8AD0D5}.Release|Any CPU.ActiveCfg = Release|Any CPU
		{730ABB90-5424-4CAA-B295-91863C8AD0D5}.Release|Any CPU.Build.0 = Release|Any CPU
		{0AC182FC-5742-456E-87B0-13E422970FF9}.Debug|Any CPU.ActiveCfg = Debug|Any CPU
		{0AC182FC-5742-456E-87B0-13E422970FF9}.Debug|Any CPU.Build.0 = Debug|Any CPU
		{0AC182FC-5742-456E-87B0-13E422970FF9}.Release|Any CPU.ActiveCfg = Release|Any CPU
		{0AC182FC-5742-456E-87B0-13E422970FF9}.Release|Any CPU.Build.0 = Release|Any CPU
	EndGlobalSection
	GlobalSection(SolutionProperties) = preSolution
		HideSolutionNode = FALSE
	EndGlobalSection
	GlobalSection(ExtensibilityGlobals) = postSolution
		SolutionGuid = {32201481-681F-47F7-9B80-02824F5F2413}
	EndGlobalSection
EndGlobal
